
Microsoft Visual Studio Solution File, Format Version 12.00
# Visual Studio 2013
VisualStudioVersion = 12.0.40629.0
MinimumVisualStudioVersion = 10.0.40219.1
Project("{FAE04EC0-301F-11D3-BF4B-00C04F79EFBC}") = "RESHOTEL_APP", "RESHOTEL_APP.csproj", "{73E1CB26-5CE1-43BB-8D6D-2CAB66B61EA4}"
EndProject
Project("{F088123C-0E9E-452A-89E6-6BA2F21D5CAC}") = "RESHOTEL_CONCEPTION", "RESHOTEL_CONCEPTION\RESHOTEL_CONCEPTION.modelproj", "{625D0A06-1061-4272-AFC0-3215D7A8CCE4}"
EndProject
Global
	GlobalSection(SolutionConfigurationPlatforms) = preSolution
		Debug|Any CPU = Debug|Any CPU
		Release|Any CPU = Release|Any CPU
	EndGlobalSection
	GlobalSection(ProjectConfigurationPlatforms) = postSolution
		{73E1CB26-5CE1-43BB-8D6D-2CAB66B61EA4}.Debug|Any CPU.ActiveCfg = Debug|Any CPU
		{73E1CB26-5CE1-43BB-8D6D-2CAB66B61EA4}.Debug|Any CPU.Build.0 = Debug|Any CPU
		{73E1CB26-5CE1-43BB-8D6D-2CAB66B61EA4}.Release|Any CPU.ActiveCfg = Release|Any CPU
		{73E1CB26-5CE1-43BB-8D6D-2CAB66B61EA4}.Release|Any CPU.Build.0 = Release|Any CPU
		{625D0A06-1061-4272-AFC0-3215D7A8CCE4}.Debug|Any CPU.ActiveCfg = Debug|Any CPU
		{625D0A06-1061-4272-AFC0-3215D7A8CCE4}.Debug|Any CPU.Build.0 = Debug|Any CPU
		{625D0A06-1061-4272-AFC0-3215D7A8CCE4}.Release|Any CPU.ActiveCfg = Release|Any CPU
		{625D0A06-1061-4272-AFC0-3215D7A8CCE4}.Release|Any CPU.Build.0 = Release|Any CPU
	EndGlobalSection
	GlobalSection(SolutionProperties) = preSolution
		HideSolutionNode = FALSE
	EndGlobalSection
EndGlobal
